{
  "version": "5",
  "specifiers": {
    "jsr:@cliffy/command@^1.2.1": "1.2.1",
    "jsr:@cliffy/flags@1.2.1": "1.2.1",
    "jsr:@cliffy/internal@1.2.1": "1.2.1",
    "jsr:@cliffy/table@1.2.1": "1.2.1",
    "jsr:@david/jsonc-morph@~0.3.4": "0.3.5",
    "jsr:@deno/deploy@*": "0.0.9904",
    "jsr:@deno/framework-detect@0.3": "0.3.0",
    "jsr:@deno/sandbox@~0.13.2": "0.13.2",
    "jsr:@std/async@^1.5.0": "1.5.0",
    "jsr:@std/cli@1.0.32": "1.0.32",
    "jsr:@std/data-structures@^1.1.1": "1.1.2",
    "jsr:@std/dotenv@~0.225.7": "0.225.8",
    "jsr:@std/encoding@^1.0.11": "1.0.11",
    "jsr:@std/fmt@^1.0.10": "1.0.10",
    "jsr:@std/fs@^1.0.19": "1.0.24",
    "jsr:@std/fs@^1.0.24": "1.0.24",
    "jsr:@std/internal@^1.0.14": "1.0.14",
    "jsr:@std/jsonc@^1.0.2": "1.0.2",
    "jsr:@std/path@^1.1.2": "1.1.6",
    "jsr:@std/path@^1.1.5": "1.1.6",
    "jsr:@std/path@^1.1.6": "1.1.6",
    "jsr:@std/semver@^1.0.8": "1.0.8",
    "jsr:@std/streams@^1.0.17": "1.1.2",
    "jsr:@std/tar@~0.1.10": "0.1.10",
    "jsr:@std/text@^1.0.19": "1.0.19",
    "npm:@trpc/client@^11.18.0": "11.18.0_@trpc+server@11.18.0_typescript@7.0.2",
    "npm:@trpc/server@^11.18.0": "11.18.0_typescript@7.0.2",
    "npm:event-source-polyfill@^1.0.31": "1.0.31",
    "npm:open@^10.2.0": "10.2.0",
    "npm:pg-connection-string@^2.14.0": "2.14.0",
    "npm:superjson@^2.2.6": "2.2.6",
    "npm:temporal-polyfill@~0.3.2": "0.3.2",
    "npm:ws@^8.18.3": "8.21.3",
    "npm:zod@^4.1.5": "4.5.4"
  },
  "jsr": {
    "@cliffy/command@1.2.1": {
      "integrity": "b7b017c81560d96580ea810c8564566884d8194416f6fc06bfdc8846e8fd590f",
      "dependencies": [
        "jsr:@cliffy/flags",
        "jsr:@cliffy/internal",
        "jsr:@cliffy/table",
        "jsr:@std/fmt",
        "jsr:@std/text"
      ]
    },
    "@cliffy/flags@1.2.1": {
      "integrity": "10034920ef7595db586fecec5a3b10a4ec800c513cbbc368414cd748dac706fb",
      "dependencies": [
        "jsr:@cliffy/internal",
        "jsr:@std/text"
      ]
    },
    "@cliffy/internal@1.2.1": {
      "integrity": "e398f41c6839d3d4d249c963bfcb1058013091425926d53a3cb482b1ca70684b"
    },
    "@cliffy/table@1.2.1": {
      "integrity": "be333e62f2c754f8bf75a38c8177515b152040572c9f75298e9bcef1314b82ff",
      "dependencies": [
        "jsr:@std/fmt"
      ]
    },
    "@david/jsonc-morph@0.3.5": {
      "integrity": "c60b33ba2e3add2c2bda45d83b0a029119cbaa09175f9a494c643a2180a15598"
    },
    "@deno/deploy@0.0.9904": {
      "integrity": "e75ce4d8f3f38b9a93ab0814bd4fcb4e33752245d5fbcbc95b7872082d552aa3",
      "dependencies": [
        "jsr:@cliffy/command",
        "jsr:@david/jsonc-morph",
        "jsr:@deno/framework-detect",
        "jsr:@deno/sandbox",
        "jsr:@std/async",
        "jsr:@std/cli",
        "jsr:@std/dotenv",
        "jsr:@std/encoding",
        "jsr:@std/fmt",
        "jsr:@std/fs@^1.0.24",
        "jsr:@std/path@^1.1.6",
        "jsr:@std/semver",
        "jsr:@std/tar",
        "npm:@trpc/client",
        "npm:@trpc/server",
        "npm:event-source-polyfill",
        "npm:open",
        "npm:pg-connection-string",
        "npm:superjson",
        "npm:temporal-polyfill"
      ]
    },
    "@deno/framework-detect@0.3.0": {
      "integrity": "95aac5d8366e4b007f52adc576e6e3a2abece053f18a7dcb2826ed610c25cb3b",
      "dependencies": [
        "jsr:@std/jsonc",
        "jsr:@std/path@^1.1.2"
      ]
    },
    "@deno/sandbox@0.13.2": {
      "integrity": "c24c7eb9cc00b94954ebffb4ee4f685ef731e6026788044f9eb8a1aa9bfc2cd8",
      "dependencies": [
        "jsr:@std/fs@^1.0.19",
        "jsr:@std/path@^1.1.2",
        "npm:ws",
        "npm:zod"
      ]
    },
    "@std/async@1.5.0": {
      "integrity": "4c1f22d287a17ad7d8643b1952bc5a4d21e5d8b68dc8c20d8268eecc69096e82",
      "dependencies": [
        "jsr:@std/data-structures"
      ]
    },
    "@std/cli@1.0.32": {
      "integrity": "188b3a100d6202d64e3f5bd3d799c7fa4f6d77f92cc65eb7f641c1fa0aa92a66",
      "dependencies": [
        "jsr:@std/fmt"
      ]
    },
    "@std/data-structures@1.1.2": {
      "integrity": "2471377c9e0051f9ec34e57d0ebd0ad133a5a889677446ec6ba9938e4e102918"
    },
    "@std/dotenv@0.225.8": {
      "integrity": "27b8c1a9d00cbf938345a5924487c04d9b27bdd7e7bd1983f54bcf76d0a0174a"
    },
    "@std/encoding@1.0.11": {
      "integrity": "e7cef2f0b3153bccc17431e7c864a1de03a4b6d9647389c43e08aaa775d37385"
    },
    "@std/fmt@1.0.10": {
      "integrity": "90dfba288802ac6de82fb31d0917eb9e4450b9925b954d5e51fc29ac07419db5"
    },
    "@std/fs@1.0.24": {
      "integrity": "f3061b45b81673a2bece689da041df32d174be064c89eb6397fb5718d3fb7877",
      "dependencies": [
        "jsr:@std/internal",
        "jsr:@std/path@^1.1.5"
      ]
    },
    "@std/internal@1.0.14": {
      "integrity": "291516b3d4c35024d6ffbc0a9df5bf4c64116e05b50012cf846710152d2ffdf7"
    },
    "@std/jsonc@1.0.2": {
      "integrity": "909605dae3af22bd75b1cbda8d64a32cf1fd2cf6efa3f9e224aba6d22c0f44c7"
    },
    "@std/path@1.1.6": {
      "integrity": "c68485c2a4dfbb5ae3cc74fae4e8c4e5d874cf8a8ed12927917235c758b46cbe",
      "dependencies": [
        "jsr:@std/internal"
      ]
    },
    "@std/semver@1.0.8": {
      "integrity": "dc830e8b8b6a380c895d53fbfd1258dc253704ca57bbe1629ac65fd7830179b7"
    },
    "@std/streams@1.1.2": {
      "integrity": "0249bf9b78a999f57032ca4d8e7ccaa57579090242640b35ddc948fbb745d3af"
    },
    "@std/tar@0.1.10": {
      "integrity": "6bf907f3a4bc8bfef42973ba132d946756a6161ef6b914a9e1c06debe664db17",
      "dependencies": [
        "jsr:@std/streams"
      ]
    },
    "@std/text@1.0.19": {
      "integrity": "003a0e032d360e8c3a4e0410fb792c77a66bd6553fee9d60c6ec1bce30d29223"
    }
  },
  "npm": {
    "@trpc/client@11.18.0_@trpc+server@11.18.0_typescript@7.0.2": {
      "integrity": "sha512-wOqeg3Fvl25V1ZisQhUD3K8G60ZJDlSGJNSyeXrLH24xAo5w6GSR2Kzb1cSNY9Y+IQ2YZvYGZstBU+V/ulo/ow==",
      "dependencies": [
        "@trpc/server",
        "typescript"
      ],
      "bin": true
    },
    "@trpc/server@11.18.0_typescript@7.0.2": {
      "integrity": "sha512-JAvXOuNTxgXjIDfQaOvDq1j66LMNfDJUH1IU7Slfn8EvRv2EkH6ehu3A7zpYhjO0syHHiYg77v2lG2JFJgvw7Q==",
      "dependencies": [
        "typescript"
      ],
      "bin": true
    },
    "@typescript/typescript-aix-ppc64@7.0.2": {
      "integrity": "sha512-MTKKkWB7p/0E9xi1d1tHtZ5PiLkGEMIq88pK2CubZjOsLtYTLqhgIgi6zepFa+9GHZ6h05NMCkQxGKiPXMxXtQ==",
      "os": ["aix"],
      "cpu": ["ppc64"]
    },
    "@typescript/typescript-darwin-arm64@7.0.2": {
      "integrity": "sha512-gowzar9MwS/aRWp6f3a4KUqzRjAZjOsmGNCM6LcTgXum+dBfgsBVMN+AgvOCCbguXyick6LJhpBszxMebJ8syA==",
      "os": ["darwin"],
      "cpu": ["arm64"]
    },
    "@typescript/typescript-darwin-x64@7.0.2": {
      "integrity": "sha512-SZ9xZInqApNlNGc9s0W1VSsktYSOe9cFqNOIqmN1Gs8SmkjKZYFt017G4VwPxASInODuAdbTW7sXiFUf893RgA==",
      "os": ["darwin"],
      "cpu": ["x64"]
    },
    "@typescript/typescript-freebsd-arm64@7.0.2": {
      "integrity": "sha512-W5NH4y/J0plIIS5b2xvTEkU7JFxyqdMAOgf+Ilhl0vHQXKO5dZoxd+C/jEtq56c4F3wk71RB4BMRQ2XdI+bwYQ==",
      "os": ["freebsd"],
      "cpu": ["arm64"]
    },
    "@typescript/typescript-freebsd-x64@7.0.2": {
      "integrity": "sha512-UMGDx5sTpzNw3WiPebH7l90IWfJggEd+egHt/q6p7/Cm3zqoV7VxkGXt+3DxPIw8CcmvAB0j3sVVfbhX+M4Tpw==",
      "os": ["freebsd"],
      "cpu": ["x64"]
    },
    "@typescript/typescript-linux-arm64@7.0.2": {
      "integrity": "sha512-Qh4eU4/y3yDjnfjjyPYihMj5/ODIlmt+Bzu17OI+fiSRDW57QmU5SiN63exPRNJPKUzcc1INa1NXdrJ+MqHjUQ==",
      "os": ["linux"],
      "cpu": ["arm64"]
    },
    "@typescript/typescript-linux-arm@7.0.2": {
      "integrity": "sha512-gffT3xPz9sR7j/YJExkyPntrI0P2EP9XbOyWzth2/Gs0RstK+90RBcO0ncXoXy/beYll1SXw846Nf2zdnEz0QQ==",
      "os": ["linux"],
      "cpu": ["arm"]
    },
    "@typescript/typescript-linux-loong64@7.0.2": {
      "integrity": "sha512-uEHck9i8hoAzXPiYRib1O7miOnz23SxIeVl6F4LXox+qov1K35jHcEW6VHKvZI+pyvl7fZEP4MCU5LYvIq1GuQ==",
      "os": ["linux"],
      "cpu": ["loong64"]
    },
    "@typescript/typescript-linux-mips64el@7.0.2": {
      "integrity": "sha512-R4KvAMnE43W5Qeqb0Ly56O3mWMWIAgsMyz36DCaycd5nbg/9kzm0liw3JocfRqyJY0KPmzFjbswozXyW0DnIYA==",
      "os": ["linux"],
      "cpu": ["mips64el"]
    },
    "@typescript/typescript-linux-ppc64@7.0.2": {
      "integrity": "sha512-DORx5b3sd/4S7eayxm4FQv+A7CrkUIGRaHiwI8oiHTAI1fAPWhF4J0vAlkC8biAlHSVVwxMQ3tjZ2/DVbnQiiA==",
      "os": ["linux"],
      "cpu": ["ppc64"]
    },
    "@typescript/typescript-linux-riscv64@7.0.2": {
      "integrity": "sha512-wf0jqEDOjrPRnKwYRyyJDRo11KMbvMFrU+q4zqKyChODBzvlkbhNQfKvLxQCcwTpdDaXSHZTVuh0JoCrKCUMHQ==",
      "os": ["linux"],
      "cpu": ["riscv64"]
    },
    "@typescript/typescript-linux-s390x@7.0.2": {
      "integrity": "sha512-IkwJc3L7yhytWd/ewjyxNDfOmswCm9GWMJT/ue/dU4aZNbwZeYAetq42VyLmsmSjvoX7z74X6ZaYCtzAr0EuGw==",
      "os": ["linux"],
      "cpu": ["s390x"]
    },
    "@typescript/typescript-linux-x64@7.0.2": {
      "integrity": "sha512-EYdf2cNg7rgCWJnxCdJ+F3V39O8ihb37eHAu1LK8oAFizgTQbPOK7zHHXbPt8rX24COqODXeI3sIf0fCXG7H/A==",
      "os": ["linux"],
      "cpu": ["x64"]
    },
    "@typescript/typescript-netbsd-arm64@7.0.2": {
      "integrity": "sha512-+polYF4MF04aPpO5FTkHran9yUQDSXqy5GiSDKpsll5jy3l3+g9QLhpf39T+ePtefhXLOGrLl0QIjkQP6VnelA==",
      "os": ["netbsd"],
      "cpu": ["arm64"]
    },
    "@typescript/typescript-netbsd-x64@7.0.2": {
      "integrity": "sha512-8YIT0EHM/3dq10ZOVF/A7pc/YSMtbcecct4rWtexrnSCHOPcpC2KTLXfTCR6vDpnSiY12heNb1GiN/wu+T/FyA==",
      "os": ["netbsd"],
      "cpu": ["x64"]
    },
    "@typescript/typescript-openbsd-arm64@7.0.2": {
      "integrity": "sha512-APT8+ClYnuYm1u9+kgGXoMj2VzWzcymwh2gNSQVySHfkRDGOTVkoWLjCmOQSaO+PoqQ57B0flRp9SA+7GnnkzQ==",
      "os": ["openbsd"],
      "cpu": ["arm64"]
    },
    "@typescript/typescript-openbsd-x64@7.0.2": {
      "integrity": "sha512-yX7s+Q0Dln0Dt9tEzZsAjXXR/+ytBM7AlglaqyeMPxQszJ1JhlJdZ6jLA+IzldHtflX81em7lDao1xXu+aRRkg==",
      "os": ["openbsd"],
      "cpu": ["x64"]
    },
    "@typescript/typescript-sunos-x64@7.0.2": {
      "integrity": "sha512-dLJDGaLZ1D4HPQn62u1n8mBDkJREwMsAkCdkwd4Ieqw+x3TUyTsqY0YiBCtE6H6OzzgGk3iuZ3vFWRS+E8/d1g==",
      "os": ["sunos"],
      "cpu": ["x64"]
    },
    "@typescript/typescript-win32-arm64@7.0.2": {
      "integrity": "sha512-Gyl1Vy6OsWesLzmq+EP0Fb7b4Nid5232AvcA2SFcdYreldpNtYFFofPjnt62y9hQy7VTaZp65ICJjuAQRaVcIQ==",
      "os": ["win32"],
      "cpu": ["arm64"]
    },
    "@typescript/typescript-win32-x64@7.0.2": {
      "integrity": "sha512-0BQ3HkAHHlKLSp1qRvf3SUhGpGsDuhB/jgFw75guyqbxJqEaS0Cw/VFO8i2nHglJUzQCRtMMR/IBAKE3ETMC4g==",
      "os": ["win32"],
      "cpu": ["x64"]
    },
    "bundle-name@4.1.0": {
      "integrity": "sha512-tjwM5exMg6BGRI+kNmTntNsvdZS1X8BFYS6tnJ2hdH0kVxM6/eVZ2xy+FqStSWvYmtfFMDLIxurorHwDKfDz5Q==",
      "dependencies": [
        "run-applescript"
      ]
    },
    "copy-anything@4.1.0": {
      "integrity": "sha512-ufbM3smX/Jbnpk5wcQjzd1MgBpzmqfNETUAyZNrGwU9foRlyHoGzMMBBCRzEhQLBjZfFDE1W2ufPXX2vdWkV8Q=="
    },
    "default-browser-id@5.0.1": {
      "integrity": "sha512-x1VCxdX4t+8wVfd1so/9w+vQ4vx7lKd2Qp5tDRutErwmR85OgmfX7RlLRMWafRMY7hbEiXIbudNrjOAPa/hL8Q=="
    },
    "default-browser@5.5.1": {
      "integrity": "sha512-m1pAzaJgZ/gssEqlOhJkPJp8Xly7QyW6xcrkUa2KKcDeDSEMP7X8xipU3snUcfisTQx0w1AGae+9UtJSfVnXGw==",
      "dependencies": [
        "bundle-name",
        "default-browser-id"
      ]
    },
    "define-lazy-prop@3.0.0": {
      "integrity": "sha512-N+MeXYoqr3pOgn8xfyRPREN7gHakLYjhsHhWGT3fWAiL4IkAt0iDw14QiiEm2bE30c5XX5q0FtAA3CK5f9/BUg=="
    },
    "event-source-polyfill@1.0.31": {
      "integrity": "sha512-4IJSItgS/41IxN5UVAVuAyczwZF7ZIEsM1XAoUzIHA6A+xzusEZUutdXz2Nr+MQPLxfTiCvqE79/C8HT8fKFvA=="
    },
    "is-docker@3.0.0": {
      "integrity": "sha512-eljcgEDlEns/7AXFosB5K/2nCM4P7FQPkGc/DWLy5rmFEWvZayGrik1d9/QIY5nJ4f9YsVvBkA6kJpHn9rISdQ==",
      "bin": true
    },
    "is-inside-container@1.0.0": {
      "integrity": "sha512-KIYLCCJghfHZxqjYBE7rEy0OBuTd5xCHS7tHVgvCLkx7StIoaxwNW3hCALgEUjFfeRk+MG/Qxmp/vtETEF3tRA==",
      "dependencies": [
        "is-docker"
      ],
      "bin": true
    },
    "is-wsl@3.1.1": {
      "integrity": "sha512-e6rvdUCiQCAuumZslxRJWR/Doq4VpPR82kqclvcS0efgt430SlGIk05vdCN58+VrzgtIcfNODjozVielycD4Sw==",
      "dependencies": [
        "is-inside-container"
      ]
    },
    "open@10.2.0": {
      "integrity": "sha512-YgBpdJHPyQ2UE5x+hlSXcnejzAvD0b22U2OuAP+8OnlJT+PjWPxtgmGqKKc+RgTM63U9gN0YzrYc71R2WT/hTA==",
      "dependencies": [
        "default-browser",
        "define-lazy-prop",
        "is-inside-container",
        "wsl-utils"
      ]
    },
    "pg-connection-string@2.14.0": {
      "integrity": "sha512-XwWDGcLRGCXAR8F/AM5bG7Q+A3Wm2s6QeEjlOKZLlH3UYcguiqCWKyWXVag5TLTIjR7oOJUY8kcADaZgWPyLeg=="
    },
    "run-applescript@7.1.0": {
      "integrity": "sha512-DPe5pVFaAsinSaV6QjQ6gdiedWDcRCbUuiQfQa2wmWV7+xC9bGulGI8+TdRmoFkAPaBXk8CrAbnlY2ISniJ47Q=="
    },
    "superjson@2.2.6": {
      "integrity": "sha512-H+ue8Zo4vJmV2nRjpx86P35lzwDT3nItnIsocgumgr0hHMQ+ZGq5vrERg9kJBo5AWGmxZDhzDo+WVIJqkB0cGA==",
      "dependencies": [
        "copy-anything"
      ]
    },
    "temporal-polyfill@0.3.2": {
      "integrity": "sha512-TzHthD/heRK947GNiSu3Y5gSPpeUDH34+LESnfsq8bqpFhsB79HFBX8+Z834IVX68P3EUyRPZK5bL/1fh437Eg==",
      "dependencies": [
        "temporal-spec"
      ]
    },
    "temporal-spec@0.3.1": {
      "integrity": "sha512-B4TUhezh9knfSIMwt7RVggApDRJZo73uZdj8AacL2mZ8RP5KtLianh2MXxL06GN9ESYiIsiuoLQhgVfwe55Yhw=="
    },
    "typescript@7.0.2": {
      "integrity": "sha512-8FYau96o3NKOhbjKi/qNvG/W5jhzxkbdm5sj9AbZ/5T5sWqn3hJgLfGx27sRKZWTvyzCP8dLRBTf5tBTSRVUNA==",
      "optionalDependencies": [
        "@typescript/typescript-aix-ppc64",
        "@typescript/typescript-darwin-arm64",
        "@typescript/typescript-darwin-x64",
        "@typescript/typescript-freebsd-arm64",
        "@typescript/typescript-freebsd-x64",
        "@typescript/typescript-linux-arm",
        "@typescript/typescript-linux-arm64",
        "@typescript/typescript-linux-loong64",
        "@typescript/typescript-linux-mips64el",
        "@typescript/typescript-linux-ppc64",
        "@typescript/typescript-linux-riscv64",
        "@typescript/typescript-linux-s390x",
        "@typescript/typescript-linux-x64",
        "@typescript/typescript-netbsd-arm64",
        "@typescript/typescript-netbsd-x64",
        "@typescript/typescript-openbsd-arm64",
        "@typescript/typescript-openbsd-x64",
        "@typescript/typescript-sunos-x64",
        "@typescript/typescript-win32-arm64",
        "@typescript/typescript-win32-x64"
      ],
      "bin": true
    },
    "ws@8.21.3": {
      "integrity": "sha512-201TZ/kPWxoPr/OKWjquZR1SWKXcvxdH+e1xrx89b3YbmzLMFCLfnaG1HFIgWzJOEWZ7MvpK++odZufgYR50Rw=="
    },
    "wsl-utils@0.1.0": {
      "integrity": "sha512-h3Fbisa2nKGPxCpm89Hk33lBLsnaGBvctQopaBSOW/uIs6FTe1ATyAnKFJrzVs9vpGdsTe73WF3V4lIsk4Gacw==",
      "dependencies": [
        "is-wsl"
      ]
    },
    "zod@4.5.4": {
      "integrity": "sha512-sC95tT5iHHH9gtpj6A81kh+NEaRAUFN+qlUPDUbRfOMvNf5QCBqsb3WgvnpVtK5Y+4UfA6KqufotuTvMGiTlsA=="
    }
  }
}
